// !$*UTF8*$!
{
	archiveVersion = 1;
	classes = {
	};
	objectVersion = 55;
	objects = {

/* Begin PBXBuildFile section */
		60142F4627D7503700F1B845 /* AppDelegate.swift in Sources */ = {isa = PBXBuildFile; fileRef = 60142F4527D7503700F1B845 /* AppDelegate.swift */; };
		60142F4827D7503700F1B845 /* SceneDelegate.swift in Sources */ = {isa = PBXBuildFile; fileRef = 60142F4727D7503700F1B845 /* SceneDelegate.swift */; };
		60142F4A27D7503700F1B845 /* HomeViewController.swift in Sources */ = {isa = PBXBuildFile; fileRef = 60142F4927D7503700F1B845 /* HomeViewController.swift */; };
		60142F4F27D7503900F1B845 /* Assets.xcassets in Resources */ = {isa = PBXBuildFile; fileRef = 60142F4E27D7503900F1B845 /* Assets.xcassets */; };
		60142F5227D7503900F1B845 /* LaunchScreen.storyboard in Resources */ = {isa = PBXBuildFile; fileRef = 60142F5027D7503900F1B845 /* LaunchScreen.storyboard */; };
		60142FA527DD0F4800F1B845 /* LeagueSpartan-Regular.ttf in Resources */ = {isa = PBXBuildFile; fileRef = 60142FA227DD0EF200F1B845 /* LeagueSpartan-Regular.ttf */; };
		60142FA627DD0F4E00F1B845 /* LeagueSpartan-Bold.ttf in Resources */ = {isa = PBXBuildFile; fileRef = 60142FA327DD0EFC00F1B845 /* LeagueSpartan-Bold.ttf */; };
		60142FA727DD0F5100F1B845 /* LeagueSpartan-ExtraLight.ttf in Resources */ = {isa = PBXBuildFile; fileRef = 60142FA427DD0F2100F1B845 /* LeagueSpartan-ExtraLight.ttf */; };
		60142FA927DD171F00F1B845 /* LeagueSpartan-Light.ttf in Resources */ = {isa = PBXBuildFile; fileRef = 60142FA827DD171E00F1B845 /* LeagueSpartan-Light.ttf */; };
		6051042D27F4572500AB9DEC /* WordsTableViewCell.swift in Sources */ = {isa = PBXBuildFile; fileRef = 6051042C27F4572500AB9DEC /* WordsTableViewCell.swift */; };
		6051042F27F47C4500AB9DEC /* CategoryImage.swift in Sources */ = {isa = PBXBuildFile; fileRef = 6051042E27F47C4500AB9DEC /* CategoryImage.swift */; };
		6051048A27FB34DF00AB9DEC /* DetailsViewController.swift in Sources */ = {isa = PBXBuildFile; fileRef = 6051048927FB34DF00AB9DEC /* DetailsViewController.swift */; };
		6051048C27FB362300AB9DEC /* DetailsView.swift in Sources */ = {isa = PBXBuildFile; fileRef = 6051048B27FB362300AB9DEC /* DetailsView.swift */; };
		6051048E27FC3F1400AB9DEC /* DetailsCardView.swift in Sources */ = {isa = PBXBuildFile; fileRef = 6051048D27FC3F1400AB9DEC /* DetailsCardView.swift */; };
		605104B92808441E00AB9DEC /* WordManager.swift in Sources */ = {isa = PBXBuildFile; fileRef = 605104B82808441E00AB9DEC /* WordManager.swift */; };
		6051AAF7280C4DB9002E9CF6 /* NoWordFoundView.swift in Sources */ = {isa = PBXBuildFile; fileRef = 6051AAF6280C4DB9002E9CF6 /* NoWordFoundView.swift */; };
		6051AB29281306D8002E9CF6 /* Werdd_Data.xcdatamodeld in Sources */ = {isa = PBXBuildFile; fileRef = 6051AB27281306D8002E9CF6 /* Werdd_Data.xcdatamodeld */; };
		6051AB2C28130765002E9CF6 /* FavWord+CoreDataClass.swift in Sources */ = {isa = PBXBuildFile; fileRef = 6051AB2A28130765002E9CF6 /* FavWord+CoreDataClass.swift */; };
		6051AB2D28130765002E9CF6 /* FavWord+CoreDataProperties.swift in Sources */ = {isa = PBXBuildFile; fileRef = 6051AB2B28130765002E9CF6 /* FavWord+CoreDataProperties.swift */; };
		6051AB2F28131F60002E9CF6 /* DataManager.swift in Sources */ = {isa = PBXBuildFile; fileRef = 6051AB2E28131F60002E9CF6 /* DataManager.swift */; };
		6051AB3128158C9E002E9CF6 /* FavoritesViewController.swift in Sources */ = {isa = PBXBuildFile; fileRef = 6051AB3028158C9E002E9CF6 /* FavoritesViewController.swift */; };
		6051AB3328158CE3002E9CF6 /* FavoritesView.swift in Sources */ = {isa = PBXBuildFile; fileRef = 6051AB3228158CE3002E9CF6 /* FavoritesView.swift */; };
		6051AB8128214CE3002E9CF6 /* NotFoundWithImageView.swift in Sources */ = {isa = PBXBuildFile; fileRef = 6051AB8028214CE3002E9CF6 /* NotFoundWithImageView.swift */; };
		60537CD327F1B66100917B50 /* HomeView.swift in Sources */ = {isa = PBXBuildFile; fileRef = 60537CD227F1B66100917B50 /* HomeView.swift */; };
		605C805D27E1EC54002EB0BA /* Words.swift in Sources */ = {isa = PBXBuildFile; fileRef = 605C805C27E1EC54002EB0BA /* Words.swift */; };
		6068CAD727E4C96600DC30E3 /* IconButton.swift in Sources */ = {isa = PBXBuildFile; fileRef = 6068CAD627E4C96600DC30E3 /* IconButton.swift */; };
		609369B02847679200C5B4E9 /* SearchedWordViewModel.swift in Sources */ = {isa = PBXBuildFile; fileRef = 609369AF2847679200C5B4E9 /* SearchedWordViewModel.swift */; };
		609369B22847683A00C5B4E9 /* RandomWordViewController.swift in Sources */ = {isa = PBXBuildFile; fileRef = 609369B12847683A00C5B4E9 /* RandomWordViewController.swift */; };
		609369B42847685400C5B4E9 /* WordsTableViewController.swift in Sources */ = {isa = PBXBuildFile; fileRef = 609369B32847685400C5B4E9 /* WordsTableViewController.swift */; };
		60FD4FA02833FBCE004B9403 /* Constants.swift in Sources */ = {isa = PBXBuildFile; fileRef = 60FD4F9F2833FBCE004B9403 /* Constants.swift */; };
/* End PBXBuildFile section */

/* Begin PBXFileReference section */
		60142F4227D7503700F1B845 /* Werdd.app */ = {isa = PBXFileReference; explicitFileType = wrapper.application; includeInIndex = 0; path = Werdd.app; sourceTree = BUILT_PRODUCTS_DIR; };
		60142F4527D7503700F1B845 /* AppDelegate.swift */ = {isa = PBXFileReference; lastKnownFileType = sourcecode.swift; path = AppDelegate.swift; sourceTree = "<group>"; };
		60142F4727D7503700F1B845 /* SceneDelegate.swift */ = {isa = PBXFileReference; lastKnownFileType = sourcecode.swift; path = SceneDelegate.swift; sourceTree = "<group>"; };
		60142F4927D7503700F1B845 /* HomeViewController.swift */ = {isa = PBXFileReference; lastKnownFileType = sourcecode.swift; path = HomeViewController.swift; sourceTree = "<group>"; };
		60142F4E27D7503900F1B845 /* Assets.xcassets */ = {isa = PBXFileReference; lastKnownFileType = folder.assetcatalog; path = Assets.xcassets; sourceTree = "<group>"; };
		60142F5127D7503900F1B845 /* Base */ = {isa = PBXFileReference; lastKnownFileType = file.storyboard; name = Base; path = Base.lproj/LaunchScreen.storyboard; sourceTree = "<group>"; };
		60142F5327D7503900F1B845 /* Info.plist */ = {isa = PBXFileReference; lastKnownFileType = text.plist.xml; path = Info.plist; sourceTree = "<group>"; };
		60142FA227DD0EF200F1B845 /* LeagueSpartan-Regular.ttf */ = {isa = PBXFileReference; lastKnownFileType = file; path = "LeagueSpartan-Regular.ttf"; sourceTree = "<group>"; };
		60142FA327DD0EFC00F1B845 /* LeagueSpartan-Bold.ttf */ = {isa = PBXFileReference; lastKnownFileType = file; path = "LeagueSpartan-Bold.ttf"; sourceTree = "<group>"; };
		60142FA427DD0F2100F1B845 /* LeagueSpartan-ExtraLight.ttf */ = {isa = PBXFileReference; lastKnownFileType = file; path = "LeagueSpartan-ExtraLight.ttf"; sourceTree = "<group>"; };
		60142FA827DD171E00F1B845 /* LeagueSpartan-Light.ttf */ = {isa = PBXFileReference; lastKnownFileType = file; path = "LeagueSpartan-Light.ttf"; sourceTree = "<group>"; };
		6051042C27F4572500AB9DEC /* WordsTableViewCell.swift */ = {isa = PBXFileReference; lastKnownFileType = sourcecode.swift; path = WordsTableViewCell.swift; sourceTree = "<group>"; };
		6051042E27F47C4500AB9DEC /* CategoryImage.swift */ = {isa = PBXFileReference; lastKnownFileType = sourcecode.swift; path = CategoryImage.swift; sourceTree = "<group>"; };
		6051048927FB34DF00AB9DEC /* DetailsViewController.swift */ = {isa = PBXFileReference; lastKnownFileType = sourcecode.swift; path = DetailsViewController.swift; sourceTree = "<group>"; };
		6051048B27FB362300AB9DEC /* DetailsView.swift */ = {isa = PBXFileReference; lastKnownFileType = sourcecode.swift; path = DetailsView.swift; sourceTree = "<group>"; };
		6051048D27FC3F1400AB9DEC /* DetailsCardView.swift */ = {isa = PBXFileReference; lastKnownFileType = sourcecode.swift; path = DetailsCardView.swift; sourceTree = "<group>"; };
		605104B82808441E00AB9DEC /* WordManager.swift */ = {isa = PBXFileReference; lastKnownFileType = sourcecode.swift; path = WordManager.swift; sourceTree = "<group>"; };
		6051AAF6280C4DB9002E9CF6 /* NoWordFoundView.swift */ = {isa = PBXFileReference; lastKnownFileType = sourcecode.swift; path = NoWordFoundView.swift; sourceTree = "<group>"; };
		6051AB28281306D8002E9CF6 /* Werdd_Data.xcdatamodel */ = {isa = PBXFileReference; lastKnownFileType = wrapper.xcdatamodel; path = Werdd_Data.xcdatamodel; sourceTree = "<group>"; };
		6051AB2A28130765002E9CF6 /* FavWord+CoreDataClass.swift */ = {isa = PBXFileReference; lastKnownFileType = sourcecode.swift; path = "FavWord+CoreDataClass.swift"; sourceTree = "<group>"; };
		6051AB2B28130765002E9CF6 /* FavWord+CoreDataProperties.swift */ = {isa = PBXFileReference; lastKnownFileType = sourcecode.swift; path = "FavWord+CoreDataProperties.swift"; sourceTree = "<group>"; };
		6051AB2E28131F60002E9CF6 /* DataManager.swift */ = {isa = PBXFileReference; lastKnownFileType = sourcecode.swift; path = DataManager.swift; sourceTree = "<group>"; };
		6051AB3028158C9E002E9CF6 /* FavoritesViewController.swift */ = {isa = PBXFileReference; lastKnownFileType = sourcecode.swift; path = FavoritesViewController.swift; sourceTree = "<group>"; };
		6051AB3228158CE3002E9CF6 /* FavoritesView.swift */ = {isa = PBXFileReference; lastKnownFileType = sourcecode.swift; path = FavoritesView.swift; sourceTree = "<group>"; };
		6051AB8028214CE3002E9CF6 /* NotFoundWithImageView.swift */ = {isa = PBXFileReference; lastKnownFileType = sourcecode.swift; path = NotFoundWithImageView.swift; sourceTree = "<group>"; };
		60537CD227F1B66100917B50 /* HomeView.swift */ = {isa = PBXFileReference; lastKnownFileType = sourcecode.swift; path = HomeView.swift; sourceTree = "<group>"; };
		605C805C27E1EC54002EB0BA /* Words.swift */ = {isa = PBXFileReference; lastKnownFileType = sourcecode.swift; path = Words.swift; sourceTree = "<group>"; };
		6068CAD627E4C96600DC30E3 /* IconButton.swift */ = {isa = PBXFileReference; lastKnownFileType = sourcecode.swift; path = IconButton.swift; sourceTree = "<group>"; };
		609369AF2847679200C5B4E9 /* SearchedWordViewModel.swift */ = {isa = PBXFileReference; lastKnownFileType = sourcecode.swift; path = SearchedWordViewModel.swift; sourceTree = "<group>"; };
		609369B12847683A00C5B4E9 /* RandomWordViewController.swift */ = {isa = PBXFileReference; lastKnownFileType = sourcecode.swift; path = RandomWordViewController.swift; sourceTree = "<group>"; };
		609369B32847685400C5B4E9 /* WordsTableViewController.swift */ = {isa = PBXFileReference; lastKnownFileType = sourcecode.swift; path = WordsTableViewController.swift; sourceTree = "<group>"; };
		60FD4F9F2833FBCE004B9403 /* Constants.swift */ = {isa = PBXFileReference; lastKnownFileType = sourcecode.swift; path = Constants.swift; sourceTree = "<group>"; };
/* End PBXFileReference section */

/* Begin PBXFrameworksBuildPhase section */
		60142F3F27D7503700F1B845 /* Frameworks */ = {
			isa = PBXFrameworksBuildPhase;
			buildActionMask = 2147483647;
			files = (
			);
			runOnlyForDeploymentPostprocessing = 0;
		};
/* End PBXFrameworksBuildPhase section */

/* Begin PBXGroup section */
		60142F3927D7503700F1B845 = {
			isa = PBXGroup;
			children = (
				60142F4427D7503700F1B845 /* Werdd */,
				60142F4327D7503700F1B845 /* Products */,
			);
			sourceTree = "<group>";
		};
		60142F4327D7503700F1B845 /* Products */ = {
			isa = PBXGroup;
			children = (
				60142F4227D7503700F1B845 /* Werdd.app */,
			);
			name = Products;
			sourceTree = "<group>";
		};
		60142F4427D7503700F1B845 /* Werdd */ = {
			isa = PBXGroup;
			children = (
				609369AE2847678000C5B4E9 /* ViewModel */,
				6051AB1E281304CB002E9CF6 /* FavWord */,
				605C805B27E1EC37002EB0BA /* Model */,
				605C808627E21ED3002EB0BA /* View */,
				605C808927E21F0F002EB0BA /* Controller */,
				60142FA127DD0EDD00F1B845 /* LeagueSpartan */,
				60142F4527D7503700F1B845 /* AppDelegate.swift */,
				60142F4727D7503700F1B845 /* SceneDelegate.swift */,
				60142F4E27D7503900F1B845 /* Assets.xcassets */,
				60142F5327D7503900F1B845 /* Info.plist */,
				60FD4F9F2833FBCE004B9403 /* Constants.swift */,
				6051AB27281306D8002E9CF6 /* Werdd_Data.xcdatamodeld */,
			);
			path = Werdd;
			sourceTree = "<group>";
		};
		60142FA127DD0EDD00F1B845 /* LeagueSpartan */ = {
			isa = PBXGroup;
			children = (
				60142FA227DD0EF200F1B845 /* LeagueSpartan-Regular.ttf */,
				60142FA327DD0EFC00F1B845 /* LeagueSpartan-Bold.ttf */,
				60142FA427DD0F2100F1B845 /* LeagueSpartan-ExtraLight.ttf */,
				60142FA827DD171E00F1B845 /* LeagueSpartan-Light.ttf */,
			);
			path = LeagueSpartan;
			sourceTree = "<group>";
		};
		6051AB1E281304CB002E9CF6 /* FavWord */ = {
			isa = PBXGroup;
			children = (
				6051AB2A28130765002E9CF6 /* FavWord+CoreDataClass.swift */,
				6051AB2B28130765002E9CF6 /* FavWord+CoreDataProperties.swift */,
			);
			path = FavWord;
			sourceTree = "<group>";
		};
		605C805B27E1EC37002EB0BA /* Model */ = {
			isa = PBXGroup;
			children = (
				605C805C27E1EC54002EB0BA /* Words.swift */,
				605104B82808441E00AB9DEC /* WordManager.swift */,
				6051AB2E28131F60002E9CF6 /* DataManager.swift */,
			);
			path = Model;
			sourceTree = "<group>";
		};
		605C808627E21ED3002EB0BA /* View */ = {
			isa = PBXGroup;
			children = (
				60142F5027D7503900F1B845 /* LaunchScreen.storyboard */,
				60537CD227F1B66100917B50 /* HomeView.swift */,
				6051048B27FB362300AB9DEC /* DetailsView.swift */,
				6051AB3228158CE3002E9CF6 /* FavoritesView.swift */,
				6051042C27F4572500AB9DEC /* WordsTableViewCell.swift */,
				6068CAD627E4C96600DC30E3 /* IconButton.swift */,
				6051042E27F47C4500AB9DEC /* CategoryImage.swift */,
				6051048D27FC3F1400AB9DEC /* DetailsCardView.swift */,
				6051AAF6280C4DB9002E9CF6 /* NoWordFoundView.swift */,
				6051AB8028214CE3002E9CF6 /* NotFoundWithImageView.swift */,
			);
			path = View;
			sourceTree = "<group>";
		};
		605C808927E21F0F002EB0BA /* Controller */ = {
			isa = PBXGroup;
			children = (
				60142F4927D7503700F1B845 /* HomeViewController.swift */,
				609369B12847683A00C5B4E9 /* RandomWordViewController.swift */,
				609369B32847685400C5B4E9 /* WordsTableViewController.swift */,
				6051048927FB34DF00AB9DEC /* DetailsViewController.swift */,
				6051AB3028158C9E002E9CF6 /* FavoritesViewController.swift */,
			);
			path = Controller;
			sourceTree = "<group>";
		};
		609369AE2847678000C5B4E9 /* ViewModel */ = {
			isa = PBXGroup;
			children = (
				609369AF2847679200C5B4E9 /* SearchedWordViewModel.swift */,
			);
			path = ViewModel;
			sourceTree = "<group>";
		};
/* End PBXGroup section */

/* Begin PBXNativeTarget section */
		60142F4127D7503700F1B845 /* Werdd */ = {
			isa = PBXNativeTarget;
			buildConfigurationList = 60142F5627D7503900F1B845 /* Build configuration list for PBXNativeTarget "Werdd" */;
			buildPhases = (
				60142F3E27D7503700F1B845 /* Sources */,
				60142F3F27D7503700F1B845 /* Frameworks */,
				60142F4027D7503700F1B845 /* Resources */,
			);
			buildRules = (
			);
			dependencies = (
			);
			name = Werdd;
			productName = Werdd;
			productReference = 60142F4227D7503700F1B845 /* Werdd.app */;
			productType = "com.apple.product-type.application";
		};
/* End PBXNativeTarget section */

/* Begin PBXProject section */
		60142F3A27D7503700F1B845 /* Project object */ = {
			isa = PBXProject;
			attributes = {
				BuildIndependentTargetsInParallel = 1;
				LastSwiftUpdateCheck = 1320;
				LastUpgradeCheck = 1320;
				TargetAttributes = {
					60142F4127D7503700F1B845 = {
						CreatedOnToolsVersion = 13.2.1;
					};
				};
			};
			buildConfigurationList = 60142F3D27D7503700F1B845 /* Build configuration list for PBXProject "Werdd" */;
			compatibilityVersion = "Xcode 13.0";
			developmentRegion = en;
			hasScannedForEncodings = 0;
			knownRegions = (
				en,
				Base,
			);
			mainGroup = 60142F3927D7503700F1B845;
			productRefGroup = 60142F4327D7503700F1B845 /* Products */;
			projectDirPath = "";
			projectRoot = "";
			targets = (
				60142F4127D7503700F1B845 /* Werdd */,
			);
		};
/* End PBXProject section */

/* Begin PBXResourcesBuildPhase section */
		60142F4027D7503700F1B845 /* Resources */ = {
			isa = PBXResourcesBuildPhase;
			buildActionMask = 2147483647;
			files = (
				60142FA627DD0F4E00F1B845 /* LeagueSpartan-Bold.ttf in Resources */,
				60142FA727DD0F5100F1B845 /* LeagueSpartan-ExtraLight.ttf in Resources */,
				60142FA527DD0F4800F1B845 /* LeagueSpartan-Regular.ttf in Resources */,
				60142F5227D7503900F1B845 /* LaunchScreen.storyboard in Resources */,
				60142FA927DD171F00F1B845 /* LeagueSpartan-Light.ttf in Resources */,
				60142F4F27D7503900F1B845 /* Assets.xcassets in Resources */,
			);
			runOnlyForDeploymentPostprocessing = 0;
		};
/* End PBXResourcesBuildPhase section */

/* Begin PBXSourcesBuildPhase section */
		60142F3E27D7503700F1B845 /* Sources */ = {
			isa = PBXSourcesBuildPhase;
			buildActionMask = 2147483647;
			files = (
				6051AB3328158CE3002E9CF6 /* FavoritesView.swift in Sources */,
				609369B02847679200C5B4E9 /* SearchedWordViewModel.swift in Sources */,
				6051042D27F4572500AB9DEC /* WordsTableViewCell.swift in Sources */,
				6051AB29281306D8002E9CF6 /* Werdd_Data.xcdatamodeld in Sources */,
				6051048C27FB362300AB9DEC /* DetailsView.swift in Sources */,
				6051AB2C28130765002E9CF6 /* FavWord+CoreDataClass.swift in Sources */,
				605104B92808441E00AB9DEC /* WordManager.swift in Sources */,
				60142F4A27D7503700F1B845 /* HomeViewController.swift in Sources */,
				6051048A27FB34DF00AB9DEC /* DetailsViewController.swift in Sources */,
				6051AB2F28131F60002E9CF6 /* DataManager.swift in Sources */,
				60537CD327F1B66100917B50 /* HomeView.swift in Sources */,
				605C805D27E1EC54002EB0BA /* Words.swift in Sources */,
				60FD4FA02833FBCE004B9403 /* Constants.swift in Sources */,
				6051AB3128158C9E002E9CF6 /* FavoritesViewController.swift in Sources */,
				6051AB2D28130765002E9CF6 /* FavWord+CoreDataProperties.swift in Sources */,
				6068CAD727E4C96600DC30E3 /* IconButton.swift in Sources */,
				60142F4627D7503700F1B845 /* AppDelegate.swift in Sources */,
				60142F4827D7503700F1B845 /* SceneDelegate.swift in Sources */,
				6051AAF7280C4DB9002E9CF6 /* NoWordFoundView.swift in Sources */,
				6051048E27FC3F1400AB9DEC /* DetailsCardView.swift in Sources */,
				6051042F27F47C4500AB9DEC /* CategoryImage.swift in Sources */,
				609369B22847683A00C5B4E9 /* RandomWordViewController.swift in Sources */,
				6051AB8128214CE3002E9CF6 /* NotFoundWithImageView.swift in Sources */,
				609369B42847685400C5B4E9 /* WordsTableViewController.swift in Sources */,
			);
			runOnlyForDeploymentPostprocessing = 0;
		};
/* End PBXSourcesBuildPhase section */

/* Begin PBXVariantGroup section */
		60142F5027D7503900F1B845 /* LaunchScreen.storyboard */ = {
			isa = PBXVariantGroup;
			children = (
				60142F5127D7503900F1B845 /* Base */,
			);
			name = LaunchScreen.storyboard;
			sourceTree = "<group>";
		};
/* End PBXVariantGroup section */

/* Begin XCBuildConfiguration section */
		60142F5427D7503900F1B845 /* Debug */ = {
			isa = XCBuildConfiguration;
			buildSettings = {
				ALWAYS_SEARCH_USER_PATHS = NO;
				CLANG_ANALYZER_NONNULL = YES;
				CLANG_ANALYZER_NUMBER_OBJECT_CONVERSION = YES_AGGRESSIVE;
				CLANG_CXX_LANGUAGE_STANDARD = "gnu++17";
				CLANG_CXX_LIBRARY = "libc++";
				CLANG_ENABLE_MODULES = YES;
				CLANG_ENABLE_OBJC_ARC = YES;
				CLANG_ENABLE_OBJC_WEAK = YES;
				CLANG_WARN_BLOCK_CAPTURE_AUTORELEASING = YES;
				CLANG_WARN_BOOL_CONVERSION = YES;
				CLANG_WARN_COMMA = YES;
				CLANG_WARN_CONSTANT_CONVERSION = YES;
				CLANG_WARN_DEPRECATED_OBJC_IMPLEMENTATIONS = YES;
				CLANG_WARN_DIRECT_OBJC_ISA_USAGE = YES_ERROR;
				CLANG_WARN_DOCUMENTATION_COMMENTS = YES;
				CLANG_WARN_EMPTY_BODY = YES;
				CLANG_WARN_ENUM_CONVERSION = YES;
				CLANG_WARN_INFINITE_RECURSION = YES;
				CLANG_WARN_INT_CONVERSION = YES;
				CLANG_WARN_NON_LITERAL_NULL_CONVERSION = YES;
				CLANG_WARN_OBJC_IMPLICIT_RETAIN_SELF = YES;
				CLANG_WARN_OBJC_LITERAL_CONVERSION = YES;
				CLANG_WARN_OBJC_ROOT_CLASS = YES_ERROR;
				CLANG_WARN_QUOTED_INCLUDE_IN_FRAMEWORK_HEADER = YES;
				CLANG_WARN_RANGE_LOOP_ANALYSIS = YES;
				CLANG_WARN_STRICT_PROTOTYPES = YES;
				CLANG_WARN_SUSPICIOUS_MOVE = YES;
				CLANG_WARN_UNGUARDED_AVAILABILITY = YES_AGGRESSIVE;
				CLANG_WARN_UNREACHABLE_CODE = YES;
				CLANG_WARN__DUPLICATE_METHOD_MATCH = YES;
				COPY_PHASE_STRIP = NO;
				DEBUG_INFORMATION_FORMAT = dwarf;
				ENABLE_STRICT_OBJC_MSGSEND = YES;
				ENABLE_TESTABILITY = YES;
				GCC_C_LANGUAGE_STANDARD = gnu11;
				GCC_DYNAMIC_NO_PIC = NO;
				GCC_NO_COMMON_BLOCKS = YES;
				GCC_OPTIMIZATION_LEVEL = 0;
				GCC_PREPROCESSOR_DEFINITIONS = (
					"DEBUG=1",
					"$(inherited)",
				);
				GCC_WARN_64_TO_32_BIT_CONVERSION = YES;
				GCC_WARN_ABOUT_RETURN_TYPE = YES_ERROR;
				GCC_WARN_UNDECLARED_SELECTOR = YES;
				GCC_WARN_UNINITIALIZED_AUTOS = YES_AGGRESSIVE;
				GCC_WARN_UNUSED_FUNCTION = YES;
				GCC_WARN_UNUSED_VARIABLE = YES;
				IPHONEOS_DEPLOYMENT_TARGET = 15.2;
				MTL_ENABLE_DEBUG_INFO = INCLUDE_SOURCE;
				MTL_FAST_MATH = YES;
				ONLY_ACTIVE_ARCH = YES;
				SDKROOT = iphoneos;
				SWIFT_ACTIVE_COMPILATION_CONDITIONS = DEBUG;
				SWIFT_OPTIMIZATION_LEVEL = "-Onone";
			};
			name = Debug;
		};
		60142F5527D7503900F1B845 /* Release */ = {
			isa = XCBuildConfiguration;
			buildSettings = {
				ALWAYS_SEARCH_USER_PATHS = NO;
				CLANG_ANALYZER_NONNULL = YES;
				CLANG_ANALYZER_NUMBER_OBJECT_CONVERSION = YES_AGGRESSIVE;
				CLANG_CXX_LANGUAGE_STANDARD = "gnu++17";
				CLANG_CXX_LIBRARY = "libc++";
				CLANG_ENABLE_MODULES = YES;
				CLANG_ENABLE_OBJC_ARC = YES;
				CLANG_ENABLE_OBJC_WEAK = YES;
				CLANG_WARN_BLOCK_CAPTURE_AUTORELEASING = YES;
				CLANG_WARN_BOOL_CONVERSION = YES;
				CLANG_WARN_COMMA = YES;
				CLANG_WARN_CONSTANT_CONVERSION = YES;
				CLANG_WARN_DEPRECATED_OBJC_IMPLEMENTATIONS = YES;
				CLANG_WARN_DIRECT_OBJC_ISA_USAGE = YES_ERROR;
				CLANG_WARN_DOCUMENTATION_COMMENTS = YES;
				CLANG_WARN_EMPTY_BODY = YES;
				CLANG_WARN_ENUM_CONVERSION = YES;
				CLANG_WARN_INFINITE_RECURSION = YES;
				CLANG_WARN_INT_CONVERSION = YES;
				CLANG_WARN_NON_LITERAL_NULL_CONVERSION = YES;
				CLANG_WARN_OBJC_IMPLICIT_RETAIN_SELF = YES;
				CLANG_WARN_OBJC_LITERAL_CONVERSION = YES;
				CLANG_WARN_OBJC_ROOT_CLASS = YES_ERROR;
				CLANG_WARN_QUOTED_INCLUDE_IN_FRAMEWORK_HEADER = YES;
				CLANG_WARN_RANGE_LOOP_ANALYSIS = YES;
				CLANG_WARN_STRICT_PROTOTYPES = YES;
				CLANG_WARN_SUSPICIOUS_MOVE = YES;
				CLANG_WARN_UNGUARDED_AVAILABILITY = YES_AGGRESSIVE;
				CLANG_WARN_UNREACHABLE_CODE = YES;
				CLANG_WARN__DUPLICATE_METHOD_MATCH = YES;
				COPY_PHASE_STRIP = NO;
				DEBUG_INFORMATION_FORMAT = "dwarf-with-dsym";
				ENABLE_NS_ASSERTIONS = NO;
				ENABLE_STRICT_OBJC_MSGSEND = YES;
				GCC_C_LANGUAGE_STANDARD = gnu11;
				GCC_NO_COMMON_BLOCKS = YES;
				GCC_WARN_64_TO_32_BIT_CONVERSION = YES;
				GCC_WARN_ABOUT_RETURN_TYPE = YES_ERROR;
				GCC_WARN_UNDECLARED_SELECTOR = YES;
				GCC_WARN_UNINITIALIZED_AUTOS = YES_AGGRESSIVE;
				GCC_WARN_UNUSED_FUNCTION = YES;
				GCC_WARN_UNUSED_VARIABLE = YES;
				IPHONEOS_DEPLOYMENT_TARGET = 15.2;
				MTL_ENABLE_DEBUG_INFO = NO;
				MTL_FAST_MATH = YES;
				SDKROOT = iphoneos;
				SWIFT_COMPILATION_MODE = wholemodule;
				SWIFT_OPTIMIZATION_LEVEL = "-O";
				VALIDATE_PRODUCT = YES;
			};
			name = Release;
		};
		60142F5727D7503900F1B845 /* Debug */ = {
			isa = XCBuildConfiguration;
			buildSettings = {
				ASSETCATALOG_COMPILER_APPICON_NAME = AppIcon;
				ASSETCATALOG_COMPILER_GLOBAL_ACCENT_COLOR_NAME = AccentColor;
				CODE_SIGN_STYLE = Automatic;
				CURRENT_PROJECT_VERSION = 1;
				DEVELOPMENT_TEAM = XX56C8Q5GR;
				GENERATE_INFOPLIST_FILE = YES;
				INFOPLIST_FILE = Werdd/Info.plist;
				INFOPLIST_KEY_UIApplicationSupportsIndirectInputEvents = YES;
				INFOPLIST_KEY_UILaunchStoryboardName = LaunchScreen;
				INFOPLIST_KEY_UISupportedInterfaceOrientations_iPad = "UIInterfaceOrientationPortrait UIInterfaceOrientationPortraitUpsideDown UIInterfaceOrientationLandscapeLeft UIInterfaceOrientationLandscapeRight";
				INFOPLIST_KEY_UISupportedInterfaceOrientations_iPhone = "UIInterfaceOrientationPortrait UIInterfaceOrientationLandscapeLeft UIInterfaceOrientationLandscapeRight";
				LD_RUNPATH_SEARCH_PATHS = (
					"$(inherited)",
					"@executable_path/Frameworks",
				);
				MARKETING_VERSION = 1.0;
				PRODUCT_BUNDLE_IDENTIFIER = com.moetstein.Werdd;
				PRODUCT_NAME = "$(TARGET_NAME)";
				SWIFT_EMIT_LOC_STRINGS = YES;
				SWIFT_VERSION = 5.0;
				TARGETED_DEVICE_FAMILY = "1,2";
			};
			name = Debug;
		};
		60142F5827D7503900F1B845 /* Release */ = {
			isa = XCBuildConfiguration;
			buildSettings = {
				ASSETCATALOG_COMPILER_APPICON_NAME = AppIcon;
				ASSETCATALOG_COMPILER_GLOBAL_ACCENT_COLOR_NAME = AccentColor;
				CODE_SIGN_STYLE = Automatic;
				CURRENT_PROJECT_VERSION = 1;
				DEVELOPMENT_TEAM = XX56C8Q5GR;
				GENERATE_INFOPLIST_FILE = YES;
				INFOPLIST_FILE = Werdd/Info.plist;
				INFOPLIST_KEY_UIApplicationSupportsIndirectInputEvents = YES;
				INFOPLIST_KEY_UILaunchStoryboardName = LaunchScreen;
				INFOPLIST_KEY_UISupportedInterfaceOrientations_iPad = "UIInterfaceOrientationPortrait UIInterfaceOrientationPortraitUpsideDown UIInterfaceOrientationLandscapeLeft UIInterfaceOrientationLandscapeRight";
				INFOPLIST_KEY_UISupportedInterfaceOrientations_iPhone = "UIInterfaceOrientationPortrait UIInterfaceOrientationLandscapeLeft UIInterfaceOrientationLandscapeRight";
				LD_RUNPATH_SEARCH_PATHS = (
					"$(inherited)",
					"@executable_path/Frameworks",
				);
				MARKETING_VERSION = 1.0;
				PRODUCT_BUNDLE_IDENTIFIER = com.moetstein.Werdd;
				PRODUCT_NAME = "$(TARGET_NAME)";
				SWIFT_EMIT_LOC_STRINGS = YES;
				SWIFT_VERSION = 5.0;
				TARGETED_DEVICE_FAMILY = "1,2";
			};
			name = Release;
		};
/* End XCBuildConfiguration section */

/* Begin XCConfigurationList section */
		60142F3D27D7503700F1B845 /* Build configuration list for PBXProject "Werdd" */ = {
			isa = XCConfigurationList;
			buildConfigurations = (
				60142F5427D7503900F1B845 /* Debug */,
				60142F5527D7503900F1B845 /* Release */,
			);
			defaultConfigurationIsVisible = 0;
			defaultConfigurationName = Release;
		};
		60142F5627D7503900F1B845 /* Build configuration list for PBXNativeTarget "Werdd" */ = {
			isa = XCConfigurationList;
			buildConfigurations = (
				60142F5727D7503900F1B845 /* Debug */,
				60142F5827D7503900F1B845 /* Release */,
			);
			defaultConfigurationIsVisible = 0;
			defaultConfigurationName = Release;
		};
/* End XCConfigurationList section */

/* Begin XCVersionGroup section */
		6051AB27281306D8002E9CF6 /* Werdd_Data.xcdatamodeld */ = {
			isa = XCVersionGroup;
			children = (
				6051AB28281306D8002E9CF6 /* Werdd_Data.xcdatamodel */,
			);
			currentVersion = 6051AB28281306D8002E9CF6 /* Werdd_Data.xcdatamodel */;
			path = Werdd_Data.xcdatamodeld;
			sourceTree = "<group>";
			versionGroupType = wrapper.xcdatamodel;
		};
/* End XCVersionGroup section */
	};
	rootObject = 60142F3A27D7503700F1B845 /* Project object */;
}
